// !$*UTF8*$!
{
	archiveVersion = 1;
	classes = {
	};
	objectVersion = 48;
	objects = {

/* Begin PBXBuildFile section */
		0C2071841FB7CDFF00322515 /* AppDelegate.swift in Sources */ = {isa = PBXBuildFile; fileRef = 0C2071831FB7CDFF00322515 /* AppDelegate.swift */; };
		0C2071861FB7CDFF00322515 /* ViewController.swift in Sources */ = {isa = PBXBuildFile; fileRef = 0C2071851FB7CDFF00322515 /* ViewController.swift */; };
		0C2071891FB7CDFF00322515 /* Main.storyboard in Resources */ = {isa = PBXBuildFile; fileRef = 0C2071871FB7CDFF00322515 /* Main.storyboard */; };
		0C20718B1FB7CDFF00322515 /* Assets.xcassets in Resources */ = {isa = PBXBuildFile; fileRef = 0C20718A1FB7CDFF00322515 /* Assets.xcassets */; };
		0C20718E1FB7CDFF00322515 /* LaunchScreen.storyboard in Resources */ = {isa = PBXBuildFile; fileRef = 0C20718C1FB7CDFF00322515 /* LaunchScreen.storyboard */; };
		0C2071991FB7CDFF00322515 /* rainbowRoadTests.swift in Sources */ = {isa = PBXBuildFile; fileRef = 0C2071981FB7CDFF00322515 /* rainbowRoadTests.swift */; };
		0C2071A41FB7CDFF00322515 /* rainbowRoadUITests.swift in Sources */ = {isa = PBXBuildFile; fileRef = 0C2071A31FB7CDFF00322515 /* rainbowRoadUITests.swift */; };
/* End PBXBuildFile section */

/* Begin PBXContainerItemProxy section */
		0C2071951FB7CDFF00322515 /* PBXContainerItemProxy */ = {
			isa = PBXContainerItemProxy;
			containerPortal = 0C2071781FB7CDFF00322515 /* Project object */;
			proxyType = 1;
			remoteGlobalIDString = 0C20717F1FB7CDFF00322515;
			remoteInfo = rainbowRoad;
		};
		0C2071A01FB7CDFF00322515 /* PBXContainerItemProxy */ = {
			isa = PBXContainerItemProxy;
			containerPortal = 0C2071781FB7CDFF00322515 /* Project object */;
			proxyType = 1;
			remoteGlobalIDString = 0C20717F1FB7CDFF00322515;
			remoteInfo = rainbowRoad;
		};
/* End PBXContainerItemProxy section */

/* Begin PBXFileReference section */
		0C2071801FB7CDFF00322515 /* rainbowRoad.app */ = {isa = PBXFileReference; explicitFileType = wrapper.application; includeInIndex = 0; path = rainbowRoad.app; sourceTree = BUILT_PRODUCTS_DIR; };
		0C2071831FB7CDFF00322515 /* AppDelegate.swift */ = {isa = PBXFileReference; lastKnownFileType = sourcecode.swift; path = AppDelegate.swift; sourceTree = "<group>"; };
		0C2071851FB7CDFF00322515 /* ViewController.swift */ = {isa = PBXFileReference; lastKnownFileType = sourcecode.swift; path = ViewController.swift; sourceTree = "<group>"; };
		0C2071881FB7CDFF00322515 /* Base */ = {isa = PBXFileReference; lastKnownFileType = file.storyboard; name = Base; path = Base.lproj/Main.storyboard; sourceTree = "<group>"; };
		0C20718A1FB7CDFF00322515 /* Assets.xcassets */ = {isa = PBXFileReference; lastKnownFileType = folder.assetcatalog; path = Assets.xcassets; sourceTree = "<group>"; };
		0C20718D1FB7CDFF00322515 /* Base */ = {isa = PBXFileReference; lastKnownFileType = file.storyboard; name = Base; path = Base.lproj/LaunchScreen.storyboard; sourceTree = "<group>"; };
		0C20718F1FB7CDFF00322515 /* Info.plist */ = {isa = PBXFileReference; lastKnownFileType = text.plist.xml; path = Info.plist; sourceTree = "<group>"; };
		0C2071941FB7CDFF00322515 /* rainbowRoadTests.xctest */ = {isa = PBXFileReference; explicitFileType = wrapper.cfbundle; includeInIndex = 0; path = rainbowRoadTests.xctest; sourceTree = BUILT_PRODUCTS_DIR; };
		0C2071981FB7CDFF00322515 /* rainbowRoadTests.swift */ = {isa = PBXFileReference; lastKnownFileType = sourcecode.swift; path = rainbowRoadTests.swift; sourceTree = "<group>"; };
		0C20719A1FB7CDFF00322515 /* Info.plist */ = {isa = PBXFileReference; lastKnownFileType = text.plist.xml; path = Info.plist; sourceTree = "<group>"; };
		0C20719F1FB7CDFF00322515 /* rainbowRoadUITests.xctest */ = {isa = PBXFileReference; explicitFileType = wrapper.cfbundle; includeInIndex = 0; path = rainbowRoadUITests.xctest; sourceTree = BUILT_PRODUCTS_DIR; };
		0C2071A31FB7CDFF00322515 /* rainbowRoadUITests.swift */ = {isa = PBXFileReference; lastKnownFileType = sourcecode.swift; path = rainbowRoadUITests.swift; sourceTree = "<group>"; };
		0C2071A51FB7CDFF00322515 /* Info.plist */ = {isa = PBXFileReference; lastKnownFileType = text.plist.xml; path = Info.plist; sourceTree = "<group>"; };
/* End PBXFileReference section */

/* Begin PBXFrameworksBuildPhase section */
		0C20717D1FB7CDFF00322515 /* Frameworks */ = {
			isa = PBXFrameworksBuildPhase;
			buildActionMask = 2147483647;
			files = (
			);
			runOnlyForDeploymentPostprocessing = 0;
		};
		0C2071911FB7CDFF00322515 /* Frameworks */ = {
			isa = PBXFrameworksBuildPhase;
			buildActionMask = 2147483647;
			files = (
			);
			runOnlyForDeploymentPostprocessing = 0;
		};
		0C20719C1FB7CDFF00322515 /* Frameworks */ = {
			isa = PBXFrameworksBuildPhase;
			buildActionMask = 2147483647;
			files = (
			);
			runOnlyForDeploymentPostprocessing = 0;
		};
/* End PBXFrameworksBuildPhase section */

/* Begin PBXGroup section */
		0C2071771FB7CDFF00322515 = {
			isa = PBXGroup;
			children = (
				0C2071821FB7CDFF00322515 /* rainbowRoad */,
				0C2071971FB7CDFF00322515 /* rainbowRoadTests */,
				0C2071A21FB7CDFF00322515 /* rainbowRoadUITests */,
				0C2071811FB7CDFF00322515 /* Products */,
			);
			sourceTree = "<group>";
		};
		0C2071811FB7CDFF00322515 /* Products */ = {
			isa = PBXGroup;
			children = (
				0C2071801FB7CDFF00322515 /* rainbowRoad.app */,
				0C2071941FB7CDFF00322515 /* rainbowRoadTests.xctest */,
				0C20719F1FB7CDFF00322515 /* rainbowRoadUITests.xctest */,
			);
			name = Products;
			sourceTree = "<group>";
		};
		0C2071821FB7CDFF00322515 /* rainbowRoad */ = {
			isa = PBXGroup;
			children = (
				0C2071831FB7CDFF00322515 /* AppDelegate.swift */,
				0C2071851FB7CDFF00322515 /* ViewController.swift */,
				0C2071871FB7CDFF00322515 /* Main.storyboard */,
				0C20718A1FB7CDFF00322515 /* Assets.xcassets */,
				0C20718C1FB7CDFF00322515 /* LaunchScreen.storyboard */,
				0C20718F1FB7CDFF00322515 /* Info.plist */,
			);
			path = rainbowRoad;
			sourceTree = "<group>";
		};
		0C2071971FB7CDFF00322515 /* rainbowRoadTests */ = {
			isa = PBXGroup;
			children = (
				0C2071981FB7CDFF00322515 /* rainbowRoadTests.swift */,
				0C20719A1FB7CDFF00322515 /* Info.plist */,
			);
			path = rainbowRoadTests;
			sourceTree = "<group>";
		};
		0C2071A21FB7CDFF00322515 /* rainbowRoadUITests */ = {
			isa = PBXGroup;
			children = (
				0C2071A31FB7CDFF00322515 /* rainbowRoadUITests.swift */,
				0C2071A51FB7CDFF00322515 /* Info.plist */,
			);
			path = rainbowRoadUITests;
			sourceTree = "<group>";
		};
/* End PBXGroup section */

/* Begin PBXNativeTarget section */
		0C20717F1FB7CDFF00322515 /* rainbowRoad */ = {
			isa = PBXNativeTarget;
			buildConfigurationList = 0C2071A81FB7CDFF00322515 /* Build configuration list for PBXNativeTarget "rainbowRoad" */;
			buildPhases = (
				0C20717C1FB7CDFF00322515 /* Sources */,
				0C20717D1FB7CDFF00322515 /* Frameworks */,
				0C20717E1FB7CDFF00322515 /* Resources */,
			);
			buildRules = (
			);
			dependencies = (
			);
			name = rainbowRoad;
			productName = rainbowRoad;
			productReference = 0C2071801FB7CDFF00322515 /* rainbowRoad.app */;
			productType = "com.apple.product-type.application";
		};
		0C2071931FB7CDFF00322515 /* rainbowRoadTests */ = {
			isa = PBXNativeTarget;
			buildConfigurationList = 0C2071AB1FB7CDFF00322515 /* Build configuration list for PBXNativeTarget "rainbowRoadTests" */;
			buildPhases = (
				0C2071901FB7CDFF00322515 /* Sources */,
				0C2071911FB7CDFF00322515 /* Frameworks */,
				0C2071921FB7CDFF00322515 /* Resources */,
			);
			buildRules = (
			);
			dependencies = (
				0C2071961FB7CDFF00322515 /* PBXTargetDependency */,
			);
			name = rainbowRoadTests;
			productName = rainbowRoadTests;
			productReference = 0C2071941FB7CDFF00322515 /* rainbowRoadTests.xctest */;
			productType = "com.apple.product-type.bundle.unit-test";
		};
		0C20719E1FB7CDFF00322515 /* rainbowRoadUITests */ = {
			isa = PBXNativeTarget;
			buildConfigurationList = 0C2071AE1FB7CDFF00322515 /* Build configuration list for PBXNativeTarget "rainbowRoadUITests" */;
			buildPhases = (
				0C20719B1FB7CDFF00322515 /* Sources */,
				0C20719C1FB7CDFF00322515 /* Frameworks */,
				0C20719D1FB7CDFF00322515 /* Resources */,
			);
			buildRules = (
			);
			dependencies = (
				0C2071A11FB7CDFF00322515 /* PBXTargetDependency */,
			);
			name = rainbowRoadUITests;
			productName = rainbowRoadUITests;
			productReference = 0C20719F1FB7CDFF00322515 /* rainbowRoadUITests.xctest */;
			productType = "com.apple.product-type.bundle.ui-testing";
		};
/* End PBXNativeTarget section */

/* Begin PBXProject section */
		0C2071781FB7CDFF00322515 /* Project object */ = {
			isa = PBXProject;
			attributes = {
				LastSwiftUpdateCheck = 0910;
				LastUpgradeCheck = 0910;
				ORGANIZATIONNAME = "Stacey Abbott";
				TargetAttributes = {
					0C20717F1FB7CDFF00322515 = {
						CreatedOnToolsVersion = 9.1;
						ProvisioningStyle = Automatic;
					};
					0C2071931FB7CDFF00322515 = {
						CreatedOnToolsVersion = 9.1;
						ProvisioningStyle = Automatic;
						TestTargetID = 0C20717F1FB7CDFF00322515;
					};
					0C20719E1FB7CDFF00322515 = {
						CreatedOnToolsVersion = 9.1;
						ProvisioningStyle = Automatic;
						TestTargetID = 0C20717F1FB7CDFF00322515;
					};
				};
			};
			buildConfigurationList = 0C20717B1FB7CDFF00322515 /* Build configuration list for PBXProject "rainbowRoad" */;
			compatibilityVersion = "Xcode 8.0";
			developmentRegion = en;
			hasScannedForEncodings = 0;
			knownRegions = (
				en,
				Base,
			);
			mainGroup = 0C2071771FB7CDFF00322515;
			productRefGroup = 0C2071811FB7CDFF00322515 /* Products */;
			projectDirPath = "";
			projectRoot = "";
			targets = (
				0C20717F1FB7CDFF00322515 /* rainbowRoad */,
				0C2071931FB7CDFF00322515 /* rainbowRoadTests */,
				0C20719E1FB7CDFF00322515 /* rainbowRoadUITests */,
			);
		};
/* End PBXProject section */

/* Begin PBXResourcesBuildPhase section */
		0C20717E1FB7CDFF00322515 /* Resources */ = {
			isa = PBXResourcesBuildPhase;
			buildActionMask = 2147483647;
			files = (
				0C20718E1FB7CDFF00322515 /* LaunchScreen.storyboard in Resources */,
				0C20718B1FB7CDFF00322515 /* Assets.xcassets in Resources */,
				0C2071891FB7CDFF00322515 /* Main.storyboard in Resources */,
			);
			runOnlyForDeploymentPostprocessing = 0;
		};
		0C2071921FB7CDFF00322515 /* Resources */ = {
			isa = PBXResourcesBuildPhase;
			buildActionMask = 2147483647;
			files = (
			);
			runOnlyForDeploymentPostprocessing = 0;
		};
		0C20719D1FB7CDFF00322515 /* Resources */ = {
			isa = PBXResourcesBuildPhase;
			buildActionMask = 2147483647;
			files = (
			);
			runOnlyForDeploymentPostprocessing = 0;
		};
/* End PBXResourcesBuildPhase section */

/* Begin PBXSourcesBuildPhase section */
		0C20717C1FB7CDFF00322515 /* Sources */ = {
			isa = PBXSourcesBuildPhase;
			buildActionMask = 2147483647;
			files = (
				0C2071861FB7CDFF00322515 /* ViewController.swift in Sources */,
				0C2071841FB7CDFF00322515 /* AppDelegate.swift in Sources */,
			);
			runOnlyForDeploymentPostprocessing = 0;
		};
		0C2071901FB7CDFF00322515 /* Sources */ = {
			isa = PBXSourcesBuildPhase;
			buildActionMask = 2147483647;
			files = (
				0C2071991FB7CDFF00322515 /* rainbowRoadTests.swift in Sources */,
			);
			runOnlyForDeploymentPostprocessing = 0;
		};
		0C20719B1FB7CDFF00322515 /* Sources */ = {
			isa = PBXSourcesBuildPhase;
			buildActionMask = 2147483647;
			files = (
				0C2071A41FB7CDFF00322515 /* rainbowRoadUITests.swift in Sources */,
			);
			runOnlyForDeploymentPostprocessing = 0;
		};
/* End PBXSourcesBuildPhase section */

/* Begin PBXTargetDependency section */
		0C2071961FB7CDFF00322515 /* PBXTargetDependency */ = {
			isa = PBXTargetDependency;
			target = 0C20717F1FB7CDFF00322515 /* rainbowRoad */;
			targetProxy = 0C2071951FB7CDFF00322515 /* PBXContainerItemProxy */;
		};
		0C2071A11FB7CDFF00322515 /* PBXTargetDependency */ = {
			isa = PBXTargetDependency;
			target = 0C20717F1FB7CDFF00322515 /* rainbowRoad */;
			targetProxy = 0C2071A01FB7CDFF00322515 /* PBXContainerItemProxy */;
		};
/* End PBXTargetDependency section */

/* Begin PBXVariantGroup section */
		0C2071871FB7CDFF00322515 /* Main.storyboard */ = {
			isa = PBXVariantGroup;
			children = (
				0C2071881FB7CDFF00322515 /* Base */,
			);
			name = Main.storyboard;
			sourceTree = "<group>";
		};
		0C20718C1FB7CDFF00322515 /* LaunchScreen.storyboard */ = {
			isa = PBXVariantGroup;
			children = (
				0C20718D1FB7CDFF00322515 /* Base */,
			);
			name = LaunchScreen.storyboard;
			sourceTree = "<group>";
		};
/* End PBXVariantGroup section */

/* Begin XCBuildConfiguration section */
		0C2071A61FB7CDFF00322515 /* Debug */ = {
			isa = XCBuildConfiguration;
			buildSettings = {
				ALWAYS_SEARCH_USER_PATHS = NO;
				CLANG_ANALYZER_NONNULL = YES;
				CLANG_ANALYZER_NUMBER_OBJECT_CONVERSION = YES_AGGRESSIVE;
				CLANG_CXX_LANGUAGE_STANDARD = "gnu++14";
				CLANG_CXX_LIBRARY = "libc++";
				CLANG_ENABLE_MODULES = YES;
				CLANG_ENABLE_OBJC_ARC = YES;
				CLANG_WARN_BLOCK_CAPTURE_AUTORELEASING = YES;
				CLANG_WARN_BOOL_CONVERSION = YES;
				CLANG_WARN_COMMA = YES;
				CLANG_WARN_CONSTANT_CONVERSION = YES;
				CLANG_WARN_DIRECT_OBJC_ISA_USAGE = YES_ERROR;
				CLANG_WARN_DOCUMENTATION_COMMENTS = YES;
				CLANG_WARN_EMPTY_BODY = YES;
				CLANG_WARN_ENUM_CONVERSION = YES;
				CLANG_WARN_INFINITE_RECURSION = YES;
				CLANG_WARN_INT_CONVERSION = YES;
				CLANG_WARN_NON_LITERAL_NULL_CONVERSION = YES;
				CLANG_WARN_OBJC_LITERAL_CONVERSION = YES;
				CLANG_WARN_OBJC_ROOT_CLASS = YES_ERROR;
				CLANG_WARN_RANGE_LOOP_ANALYSIS = YES;
				CLANG_WARN_STRICT_PROTOTYPES = YES;
				CLANG_WARN_SUSPICIOUS_MOVE = YES;
				CLANG_WARN_UNGUARDED_AVAILABILITY = YES_AGGRESSIVE;
				CLANG_WARN_UNREACHABLE_CODE = YES;
				CLANG_WARN__DUPLICATE_METHOD_MATCH = YES;
				CODE_SIGN_IDENTITY = "iPhone Developer";
				COPY_PHASE_STRIP = NO;
				DEBUG_INFORMATION_FORMAT = dwarf;
				ENABLE_STRICT_OBJC_MSGSEND = YES;
				ENABLE_TESTABILITY = YES;
				GCC_C_LANGUAGE_STANDARD = gnu11;
				GCC_DYNAMIC_NO_PIC = NO;
				GCC_NO_COMMON_BLOCKS = YES;
				GCC_OPTIMIZATION_LEVEL = 0;
				GCC_PREPROCESSOR_DEFINITIONS = (
					"DEBUG=1",
					"$(inherited)",
				);
				GCC_WARN_64_TO_32_BIT_CONVERSION = YES;
				GCC_WARN_ABOUT_RETURN_TYPE = YES_ERROR;
				GCC_WARN_UNDECLARED_SELECTOR = YES;
				GCC_WARN_UNINITIALIZED_AUTOS = YES_AGGRESSIVE;
				GCC_WARN_UNUSED_FUNCTION = YES;
				GCC_WARN_UNUSED_VARIABLE = YES;
				IPHONEOS_DEPLOYMENT_TARGET = 11.1;
				MTL_ENABLE_DEBUG_INFO = YES;
				ONLY_ACTIVE_ARCH = YES;
				SDKROOT = iphoneos;
				SWIFT_ACTIVE_COMPILATION_CONDITIONS = DEBUG;
				SWIFT_OPTIMIZATION_LEVEL = "-Onone";
			};
			name = Debug;
		};
		0C2071A71FB7CDFF00322515 /* Release */ = {
			isa = XCBuildConfiguration;
			buildSettings = {
				ALWAYS_SEARCH_USER_PATHS = NO;
				CLANG_ANALYZER_NONNULL = YES;
				CLANG_ANALYZER_NUMBER_OBJECT_CONVERSION = YES_AGGRESSIVE;
				CLANG_CXX_LANGUAGE_STANDARD = "gnu++14";
				CLANG_CXX_LIBRARY = "libc++";
				CLANG_ENABLE_MODULES = YES;
				CLANG_ENABLE_OBJC_ARC = YES;
				CLANG_WARN_BLOCK_CAPTURE_AUTORELEASING = YES;
				CLANG_WARN_BOOL_CONVERSION = YES;
				CLANG_WARN_COMMA = YES;
				CLANG_WARN_CONSTANT_CONVERSION = YES;
				CLANG_WARN_DIRECT_OBJC_ISA_USAGE = YES_ERROR;
				CLANG_WARN_DOCUMENTATION_COMMENTS = YES;
				CLANG_WARN_EMPTY_BODY = YES;
				CLANG_WARN_ENUM_CONVERSION = YES;
				CLANG_WARN_INFINITE_RECURSION = YES;
				CLANG_WARN_INT_CONVERSION = YES;
				CLANG_WARN_NON_LITERAL_NULL_CONVERSION = YES;
				CLANG_WARN_OBJC_LITERAL_CONVERSION = YES;
				CLANG_WARN_OBJC_ROOT_CLASS = YES_ERROR;
				CLANG_WARN_RANGE_LOOP_ANALYSIS = YES;
				CLANG_WARN_STRICT_PROTOTYPES = YES;
				CLANG_WARN_SUSPICIOUS_MOVE = YES;
				CLANG_WARN_UNGUARDED_AVAILABILITY = YES_AGGRESSIVE;
				CLANG_WARN_UNREACHABLE_CODE = YES;
				CLANG_WARN__DUPLICATE_METHOD_MATCH = YES;
				CODE_SIGN_IDENTITY = "iPhone Developer";
				COPY_PHASE_STRIP = NO;
				DEBUG_INFORMATION_FORMAT = "dwarf-with-dsym";
				ENABLE_NS_ASSERTIONS = NO;
				ENABLE_STRICT_OBJC_MSGSEND = YES;
				GCC_C_LANGUAGE_STANDARD = gnu11;
				GCC_NO_COMMON_BLOCKS = YES;
				GCC_WARN_64_TO_32_BIT_CONVERSION = YES;
				GCC_WARN_ABOUT_RETURN_TYPE = YES_ERROR;
				GCC_WARN_UNDECLARED_SELECTOR = YES;
				GCC_WARN_UNINITIALIZED_AUTOS = YES_AGGRESSIVE;
				GCC_WARN_UNUSED_FUNCTION = YES;
				GCC_WARN_UNUSED_VARIABLE = YES;
				IPHONEOS_DEPLOYMENT_TARGET = 11.1;
				MTL_ENABLE_DEBUG_INFO = NO;
				SDKROOT = iphoneos;
				SWIFT_OPTIMIZATION_LEVEL = "-Owholemodule";
				VALIDATE_PRODUCT = YES;
			};
			name = Release;
		};
		0C2071A91FB7CDFF00322515 /* Debug */ = {
			isa = XCBuildConfiguration;
			buildSettings = {
				ASSETCATALOG_COMPILER_APPICON_NAME = AppIcon;
				CODE_SIGN_STYLE = Automatic;
				INFOPLIST_FILE = rainbowRoad/Info.plist;
				LD_RUNPATH_SEARCH_PATHS = "$(inherited) @executable_path/Frameworks";
				PRODUCT_BUNDLE_IDENTIFIER = com.codingdojo.rainbowRoad;
				PRODUCT_NAME = "$(TARGET_NAME)";
				SWIFT_VERSION = 4.0;
				TARGETED_DEVICE_FAMILY = "1,2";
			};
			name = Debug;
		};
		0C2071AA1FB7CDFF00322515 /* Release */ = {
			isa = XCBuildConfiguration;
			buildSettings = {
				ASSETCATALOG_COMPILER_APPICON_NAME = AppIcon;
				CODE_SIGN_STYLE = Automatic;
				INFOPLIST_FILE = rainbowRoad/Info.plist;
				LD_RUNPATH_SEARCH_PATHS = "$(inherited) @executable_path/Frameworks";
				PRODUCT_BUNDLE_IDENTIFIER = com.codingdojo.rainbowRoad;
				PRODUCT_NAME = "$(TARGET_NAME)";
				SWIFT_VERSION = 4.0;
				TARGETED_DEVICE_FAMILY = "1,2";
			};
			name = Release;
		};
		0C2071AC1FB7CDFF00322515 /* Debug */ = {
			isa = XCBuildConfiguration;
			buildSettings = {
				ALWAYS_EMBED_SWIFT_STANDARD_LIBRARIES = YES;
				BUNDLE_LOADER = "$(TEST_HOST)";
				CODE_SIGN_STYLE = Automatic;
				INFOPLIST_FILE = rainbowRoadTests/Info.plist;
				LD_RUNPATH_SEARCH_PATHS = "$(inherited) @executable_path/Frameworks @loader_path/Frameworks";
				PRODUCT_BUNDLE_IDENTIFIER = com.codingdojo.rainbowRoadTests;
				PRODUCT_NAME = "$(TARGET_NAME)";
				SWIFT_VERSION = 4.0;
				TARGETED_DEVICE_FAMILY = "1,2";
				TEST_HOST = "$(BUILT_PRODUCTS_DIR)/rainbowRoad.app/rainbowRoad";
			};
			name = Debug;
		};
		0C2071AD1FB7CDFF00322515 /* Release */ = {
			isa = XCBuildConfiguration;
			buildSettings = {
				ALWAYS_EMBED_SWIFT_STANDARD_LIBRARIES = YES;
				BUNDLE_LOADER = "$(TEST_HOST)";
				CODE_SIGN_STYLE = Automatic;
				INFOPLIST_FILE = rainbowRoadTests/Info.plist;
				LD_RUNPATH_SEARCH_PATHS = "$(inherited) @executable_path/Frameworks @loader_path/Frameworks";
				PRODUCT_BUNDLE_IDENTIFIER = com.codingdojo.rainbowRoadTests;
				PRODUCT_NAME = "$(TARGET_NAME)";
				SWIFT_VERSION = 4.0;
				TARGETED_DEVICE_FAMILY = "1,2";
				TEST_HOST = "$(BUILT_PRODUCTS_DIR)/rainbowRoad.app/rainbowRoad";
			};
			name = Release;
		};
		0C2071AF1FB7CDFF00322515 /* Debug */ = {
			isa = XCBuildConfiguration;
			buildSettings = {
				ALWAYS_EMBED_SWIFT_STANDARD_LIBRARIES = YES;
				CODE_SIGN_STYLE = Automatic;
				INFOPLIST_FILE = rainbowRoadUITests/Info.plist;
				LD_RUNPATH_SEARCH_PATHS = "$(inherited) @executable_path/Frameworks @loader_path/Frameworks";
				PRODUCT_BUNDLE_IDENTIFIER = com.codingdojo.rainbowRoadUITests;
				PRODUCT_NAME = "$(TARGET_NAME)";
				SWIFT_VERSION = 4.0;
				TARGETED_DEVICE_FAMILY = "1,2";
				TEST_TARGET_NAME = rainbowRoad;
			};
			name = Debug;
		};
		0C2071B01FB7CDFF00322515 /* Release */ = {
			isa = XCBuildConfiguration;
			buildSettings = {
				ALWAYS_EMBED_SWIFT_STANDARD_LIBRARIES = YES;
				CODE_SIGN_STYLE = Automatic;
				INFOPLIST_FILE = rainbowRoadUITests/Info.plist;
				LD_RUNPATH_SEARCH_PATHS = "$(inherited) @executable_path/Frameworks @loader_path/Frameworks";
				PRODUCT_BUNDLE_IDENTIFIER = com.codingdojo.rainbowRoadUITests;
				PRODUCT_NAME = "$(TARGET_NAME)";
				SWIFT_VERSION = 4.0;
				TARGETED_DEVICE_FAMILY = "1,2";
				TEST_TARGET_NAME = rainbowRoad;
			};
			name = Release;
		};
/* End XCBuildConfiguration section */

/* Begin XCConfigurationList section */
		0C20717B1FB7CDFF00322515 /* Build configuration list for PBXProject "rainbowRoad" */ = {
			isa = XCConfigurationList;
			buildConfigurations = (
				0C2071A61FB7CDFF00322515 /* Debug */,
				0C2071A71FB7CDFF00322515 /* Release */,
			);
			defaultConfigurationIsVisible = 0;
			defaultConfigurationName = Release;
		};
		0C2071A81FB7CDFF00322515 /* Build configuration list for PBXNativeTarget "rainbowRoad" */ = {
			isa = XCConfigurationList;
			buildConfigurations = (
				0C2071A91FB7CDFF00322515 /* Debug */,
				0C2071AA1FB7CDFF00322515 /* Release */,
			);
			defaultConfigurationIsVisible = 0;
			defaultConfigurationName = Release;
		};
		0C2071AB1FB7CDFF00322515 /* Build configuration list for PBXNativeTarget "rainbowRoadTests" */ = {
			isa = XCConfigurationList;
			buildConfigurations = (
				0C2071AC1FB7CDFF00322515 /* Debug */,
				0C2071AD1FB7CDFF00322515 /* Release */,
			);
			defaultConfigurationIsVisible = 0;
			defaultConfigurationName = Release;
		};
		0C2071AE1FB7CDFF00322515 /* Build configuration list for PBXNativeTarget "rainbowRoadUITests" */ = {
			isa = XCConfigurationList;
			buildConfigurations = (
				0C2071AF1FB7CDFF00322515 /* Debug */,
				0C2071B01FB7CDFF00322515 /* Release */,
			);
			defaultConfigurationIsVisible = 0;
			defaultConfigurationName = Release;
		};
/* End XCConfigurationList section */
	};
	rootObject = 0C2071781FB7CDFF00322515 /* Project object */;
}
